
Microsoft Visual Studio Solution File, Format Version 12.00
# Visual Studio 15
VisualStudioVersion = 15.0.28307.902
MinimumVisualStudioVersion = 10.0.40219.1
Project("{FAE04EC0-301F-11D3-BF4B-00C04F79EFBC}") = "NPOIEx", "NPOIEx\NPOIEx.csproj", "{EFBF6FE6-BEF3-4A89-B3C1-96B7673A93A8}"
EndProject
Project("{FAE04EC0-301F-11D3-BF4B-00C04F79EFBC}") = "NPOITest", "NPOITest\NPOITest.csproj", "{8710B20A-8A40-4B53-9C8A-6156967F4C03}"
EndProject
Project("{FAE04EC0-301F-11D3-BF4B-00C04F79EFBC}") = "CSL.Report2Xls", "CSL.Report2Xls\CSL.Report2Xls\CSL.Report2Xls.csproj", "{EEF3719D-B001-42FA-9A9E-237612DC0FF1}"
EndProject
Global
	GlobalSection(SolutionConfigurationPlatforms) = preSolution
		Debug|Any CPU = Debug|Any CPU
		Release|Any CPU = Release|Any CPU
	EndGlobalSection
	GlobalSection(ProjectConfigurationPlatforms) = postSolution
		{EFBF6FE6-BEF3-4A89-B3C1-96B7673A93A8}.Debug|Any CPU.ActiveCfg = Debug|Any CPU
		{EFBF6FE6-BEF3-4A89-B3C1-96B7673A93A8}.Debug|Any CPU.Build.0 = Debug|Any CPU
		{EFBF6FE6-BEF3-4A89-B3C1-96B7673A93A8}.Release|Any CPU.ActiveCfg = Release|Any CPU
		{EFBF6FE6-BEF3-4A89-B3C1-96B7673A93A8}.Release|Any CPU.Build.0 = Release|Any CPU
		{8710B20A-8A40-4B53-9C8A-6156967F4C03}.Debug|Any CPU.ActiveCfg = Debug|Any CPU
		{8710B20A-8A40-4B53-9C8A-6156967F4C03}.Debug|Any CPU.Build.0 = Debug|Any CPU
		{8710B20A-8A40-4B53-9C8A-6156967F4C03}.Release|Any CPU.ActiveCfg = Release|Any CPU
		{8710B20A-8A40-4B53-9C8A-6156967F4C03}.Release|Any CPU.Build.0 = Release|Any CPU
		{EEF3719D-B001-42FA-9A9E-237612DC0FF1}.Debug|Any CPU.ActiveCfg = Debug|Any CPU
		{EEF3719D-B001-42FA-9A9E-237612DC0FF1}.Debug|Any CPU.Build.0 = Debug|Any CPU
		{EEF3719D-B001-42FA-9A9E-237612DC0FF1}.Release|Any CPU.ActiveCfg = Release|Any CPU
		{EEF3719D-B001-42FA-9A9E-237612DC0FF1}.Release|Any CPU.Build.0 = Release|Any CPU
	EndGlobalSection
	GlobalSection(SolutionProperties) = preSolution
		HideSolutionNode = FALSE
	EndGlobalSection
	GlobalSection(ExtensibilityGlobals) = postSolution
		SolutionGuid = {42B2A7DE-5D1B-40F4-B156-7D9D0A57EFD6}
	EndGlobalSection
EndGlobal
